[[package]]
name = "absl-py"
version = "0.11.0"
description = "Abseil Python Common Libraries, see https://github.com/abseil/abseil-py."
category = "main"
optional = false
python-versions = "*"

[package.dependencies]
six = "*"

[[package]]
name = "astor"
version = "0.8.1"
description = "Read/rewrite/write Python ASTs"
category = "main"
optional = false
python-versions = "!=3.0.*,!=3.1.*,!=3.2.*,!=3.3.*,>=2.7"

[[package]]
name = "cached-property"
version = "1.5.2"
description = "A decorator for caching properties in classes."
category = "main"
optional = false
python-versions = "*"

[[package]]
name = "gast"
version = "0.2.2"
description = "Python AST that abstracts the underlying Python version"
category = "main"
optional = false
python-versions = ">=2.7, !=3.0.*, !=3.1.*, !=3.2.*, !=3.3.*"

[[package]]
name = "google-pasta"
version = "0.2.0"
description = "pasta is an AST-based Python refactoring library"
category = "main"
optional = false
python-versions = "*"

[package.dependencies]
six = "*"

[[package]]
name = "grpcio"
version = "1.34.0"
description = "HTTP/2-based RPC framework"
category = "main"
optional = false
python-versions = "*"

[package.dependencies]
six = ">=1.5.2"

[package.extras]
protobuf = ["grpcio-tools (>=1.34.0)"]

[[package]]
name = "h5py"
version = "2.10.0"
description = "Read and write HDF5 files from Python"
category = "main"
optional = false
python-versions = "*"

[package.dependencies]
numpy = ">=1.7"
six = "*"

[[package]]
name = "h5py"
version = "3.0.0"
description = "Read and write HDF5 files from Python"
category = "main"
optional = false
python-versions = ">=3.6"

[package.dependencies]
cached-property = "*"
numpy = [
    {version = ">=1.12", markers = "python_version == \"3.6\""},
    {version = ">=1.14.5", markers = "python_version == \"3.7\""},
    {version = ">=1.17.5", markers = "python_version == \"3.8\""},
]

[[package]]
name = "h5py"
version = "3.1.0"
description = "Read and write HDF5 files from Python"
category = "main"
optional = false
python-versions = ">=3.6"

[package.dependencies]
cached-property = {version = "*", markers = "python_version < \"3.8\""}
numpy = [
    {version = ">=1.12", markers = "python_version == \"3.6\""},
    {version = ">=1.14.5", markers = "python_version == \"3.7\""},
    {version = ">=1.17.5", markers = "python_version == \"3.8\""},
]

[[package]]
name = "importlib-metadata"
version = "3.3.0"
description = "Read metadata from Python packages"
category = "main"
optional = false
python-versions = ">=3.6"

[package.dependencies]
typing-extensions = {version = ">=3.6.4", markers = "python_version < \"3.8\""}
zipp = ">=0.5"

[package.extras]
docs = ["sphinx", "jaraco.packaging (>=3.2)", "rst.linker (>=1.9)"]
testing = ["pytest (>=3.5,!=3.7.3)", "pytest-checkdocs (>=1.2.3)", "pytest-flake8", "pytest-cov", "jaraco.test (>=3.2.0)", "packaging", "pep517", "pyfakefs", "flufl.flake8", "pytest-black (>=0.3.7)", "pytest-mypy", "importlib-resources (>=1.3)"]

[[package]]
name = "joblib"
version = "1.0.0"
description = "Lightweight pipelining with Python functions"
category = "main"
optional = false
python-versions = ">=3.6"

[[package]]
name = "keras-applications"
version = "1.0.8"
description = "Reference implementations of popular deep learning models"
category = "main"
optional = false
python-versions = "*"

[package.dependencies]
h5py = "*"
numpy = ">=1.9.1"

[package.extras]
tests = ["pytest", "pytest-pep8", "pytest-xdist", "pytest-cov"]

[[package]]
name = "keras-preprocessing"
version = "1.1.2"
description = "Easy data preprocessing and data augmentation for deep learning models"
category = "main"
optional = false
python-versions = "*"

[package.dependencies]
numpy = ">=1.9.1"
six = ">=1.9.0"

[package.extras]
image = ["scipy (>=0.14)", "Pillow (>=5.2.0)"]
pep8 = ["flake8"]
tests = ["pandas", "pillow", "tensorflow", "keras", "pytest", "pytest-xdist", "pytest-cov"]

[[package]]
name = "markdown"
version = "3.3.3"
description = "Python implementation of Markdown."
category = "main"
optional = false
python-versions = ">=3.6"

[package.dependencies]
importlib-metadata = {version = "*", markers = "python_version < \"3.8\""}

[package.extras]
testing = ["coverage", "pyyaml"]

[[package]]
name = "numpy"
version = "1.18.5"
description = "NumPy is the fundamental package for array computing with Python."
category = "main"
optional = false
python-versions = ">=3.5"

[[package]]
name = "opencv-python"
version = "4.4.0.46"
description = "Wrapper package for OpenCV python bindings."
category = "main"
optional = false
python-versions = ">=3.6"

[package.dependencies]
numpy = ">=1.17.3"

[[package]]
name = "opt-einsum"
version = "3.3.0"
description = "Optimizing numpys einsum function"
category = "main"
optional = false
python-versions = ">=3.5"

[package.dependencies]
numpy = ">=1.7"

[package.extras]
docs = ["sphinx (==1.2.3)", "sphinxcontrib-napoleon", "sphinx-rtd-theme", "numpydoc"]
tests = ["pytest", "pytest-cov", "pytest-pep8"]

[[package]]
name = "protobuf"
version = "3.14.0"
description = "Protocol Buffers"
category = "main"
optional = false
python-versions = "*"

[package.dependencies]
six = ">=1.9"

[[package]]
name = "pycryptodomex"
version = "3.9.7"
description = "Cryptographic library for Python"
category = "main"
optional = false
python-versions = ">=2.6, !=3.0.*, !=3.1.*, !=3.2.*, !=3.3.*"

[[package]]
name = "pyfakewebcam"
version = "0.1.0"
description = ""
category = "main"
optional = false
python-versions = "*"

[package.dependencies]
numpy = "*"

[[package]]
name = "scikit-learn"
version = "0.22.2"
description = "A set of python modules for machine learning and data mining"
category = "main"
optional = false
python-versions = ">=3.5"

[package.dependencies]
joblib = ">=0.11"
numpy = ">=1.11.0"
scipy = ">=0.17.0"

[package.extras]
alldeps = ["numpy (>=1.11.0)", "scipy (>=0.17.0)"]

[[package]]
name = "scipy"
version = "1.4.1"
description = "SciPy: Scientific Library for Python"
category = "main"
optional = false
python-versions = ">=3.5"

[package.dependencies]
numpy = ">=1.13.3"

[[package]]
name = "six"
version = "1.15.0"
description = "Python 2 and 3 compatibility utilities"
category = "main"
optional = false
python-versions = ">=2.7, !=3.0.*, !=3.1.*, !=3.2.*"

[[package]]
name = "tensorboard"
version = "1.15.0"
description = "TensorBoard lets you watch Tensors Flow"
category = "main"
optional = false
python-versions = ">= 2.7, != 3.0.*, != 3.1.*"

[package.dependencies]
absl-py = ">=0.4"
grpcio = ">=1.6.3"
markdown = ">=2.6.8"
numpy = ">=1.12.0"
protobuf = ">=3.6.0"
six = ">=1.10.0"
werkzeug = ">=0.11.15"

[[package]]
name = "tensorflow-estimator"
version = "1.15.1"
description = "TensorFlow Estimator."
category = "main"
optional = false
python-versions = "*"

[[package]]
name = "tensorflow-gpu"
version = "1.15.4"
description = "TensorFlow is an open source machine learning framework for everyone."
category = "main"
optional = false
python-versions = "*"

[package.dependencies]
absl-py = ">=0.7.0"
astor = ">=0.6.0"
gast = "0.2.2"
google-pasta = ">=0.1.6"
grpcio = ">=1.8.6"
keras-applications = ">=1.0.8"
keras-preprocessing = ">=1.0.5"
numpy = ">=1.16.0,<1.19.0"
opt-einsum = ">=2.3.2"
protobuf = ">=3.6.1"
six = ">=1.10.0"
tensorboard = ">=1.15.0,<1.16.0"
tensorflow-estimator = "1.15.1"
termcolor = ">=1.1.0"
wrapt = ">=1.11.1"

[[package]]
name = "termcolor"
version = "1.1.0"
description = "ANSII Color formatting for output in terminal."
category = "main"
optional = false
python-versions = "*"

[[package]]
name = "typing-extensions"
version = "3.7.4.3"
description = "Backported and Experimental Type Hints for Python 3.5+"
category = "main"
optional = false
python-versions = "*"

[[package]]
name = "vcap"
version = "0.2.7"
description = "A library for creating OpenVisionCapsules in Python"
category = "main"
optional = false
python-versions = ">=3.6"

[package.dependencies]
numpy = ">=1.16,<2"
pycryptodomex = "3.9.7"
scikit-learn = "0.22.2"
scipy = "1.4.1"
tensorflow-gpu = "1.15.4"

[package.extras]
easy = ["opencv-python-headless (>=4.1.2,<4.2.0)"]
tests = ["pytest", "mock"]

[[package]]
name = "vcap-utils"
version = "0.2.7"
description = "Utilities for creating OpenVisionCapsules easily in Python"
category = "main"
optional = false
python-versions = ">=3.6"

[package.dependencies]
vcap = "*"

[package.extras]
tests = ["pytest", "mock"]

[[package]]
name = "werkzeug"
version = "1.0.1"
description = "The comprehensive WSGI web application library."
category = "main"
optional = false
python-versions = ">=2.7, !=3.0.*, !=3.1.*, !=3.2.*, !=3.3.*, !=3.4.*"

[package.extras]
dev = ["pytest", "pytest-timeout", "coverage", "tox", "sphinx", "pallets-sphinx-themes", "sphinx-issues"]
watchdog = ["watchdog"]

[[package]]
name = "wrapt"
version = "1.12.1"
description = "Module for decorators, wrappers and monkey patching."
category = "main"
optional = false
python-versions = "*"

[[package]]
name = "zipp"
version = "3.4.0"
description = "Backport of pathlib-compatible object wrapper for zip files"
category = "main"
optional = false
python-versions = ">=3.6"

[package.extras]
docs = ["sphinx", "jaraco.packaging (>=3.2)", "rst.linker (>=1.9)"]
testing = ["pytest (>=3.5,!=3.7.3)", "pytest-checkdocs (>=1.2.3)", "pytest-flake8", "pytest-cov", "jaraco.test (>=3.2.0)", "jaraco.itertools", "func-timeout", "pytest-black (>=0.3.7)", "pytest-mypy"]

[metadata]
lock-version = "1.1"
python-versions = ">=3.6"
content-hash = "3cfdeea90a0195eeeb40ddfc12e141238149a9a8b1e48f796814a9fca02d312a"

[metadata.files]
absl-py = [
    {file = "absl-py-0.11.0.tar.gz", hash = "sha256:673cccb88d810e5627d0c1c818158485d106f65a583880e2f730c997399bcfa7"},
    {file = "absl_py-0.11.0-py3-none-any.whl", hash = "sha256:b3d9eb5119ff6e0a0125f6dabf2f9fae02f8acae7be70576002fac27235611c5"},
]
astor = [
    {file = "astor-0.8.1-py2.py3-none-any.whl", hash = "sha256:070a54e890cefb5b3739d19f30f5a5ec840ffc9c50ffa7d23cc9fc1a38ebbfc5"},
    {file = "astor-0.8.1.tar.gz", hash = "sha256:6a6effda93f4e1ce9f618779b2dd1d9d84f1e32812c23a29b3fff6fd7f63fa5e"},
]
cached-property = [
    {file = "cached-property-1.5.2.tar.gz", hash = "sha256:9fa5755838eecbb2d234c3aa390bd80fbd3ac6b6869109bfc1b499f7bd89a130"},
    {file = "cached_property-1.5.2-py2.py3-none-any.whl", hash = "sha256:df4f613cf7ad9a588cc381aaf4a512d26265ecebd5eb9e1ba12f1319eb85a6a0"},
]
gast = [
    {file = "gast-0.2.2.tar.gz", hash = "sha256:fe939df4583692f0512161ec1c880e0a10e71e6a232da045ab8edd3756fbadf0"},
]
google-pasta = [
    {file = "google-pasta-0.2.0.tar.gz", hash = "sha256:c9f2c8dfc8f96d0d5808299920721be30c9eec37f2389f28904f454565c8a16e"},
    {file = "google_pasta-0.2.0-py2-none-any.whl", hash = "sha256:4612951da876b1a10fe3960d7226f0c7682cf901e16ac06e473b267a5afa8954"},
    {file = "google_pasta-0.2.0-py3-none-any.whl", hash = "sha256:b32482794a366b5366a32c92a9a9201b107821889935a02b3e51f6b432ea84ed"},
]
grpcio = [
    {file = "grpcio-1.34.0-cp27-cp27m-macosx_10_10_x86_64.whl", hash = "sha256:e2ffa46db9103706640c74886ac23ed18d1487a8523cc128da239e1d5a4e3301"},
    {file = "grpcio-1.34.0-cp27-cp27m-manylinux2010_i686.whl", hash = "sha256:843436e69c37eb45b0285fa42f7acc06d147f2e9c1d515b0f901e94d40107e79"},
    {file = "grpcio-1.34.0-cp27-cp27m-manylinux2010_x86_64.whl", hash = "sha256:a403ed4d8fcc441a2c2ec9ede838b0ae5f9da996d950cf2ff9f82242b496e0a7"},
    {file = "grpcio-1.34.0-cp27-cp27m-win32.whl", hash = "sha256:dc45f5750ce50f34f20a0607efae5c797d01681a44465b8287bebef1e9847d5b"},
    {file = "grpcio-1.34.0-cp27-cp27m-win_amd64.whl", hash = "sha256:2fd4a80f267aa258f5a74df5fe243eff80299a4f5b356c1da53f6f5793bbbf4b"},
    {file = "grpcio-1.34.0-cp27-cp27mu-linux_armv7l.whl", hash = "sha256:f2e4d64675351a058f9cb35fe390ca0956bd2926171bfb7c87596a1ee10ff6ba"},
    {file = "grpcio-1.34.0-cp27-cp27mu-manylinux2010_i686.whl", hash = "sha256:4a2c85cd4a67c36fe12535fe32eb336635843d1eb31d3fa301444e60a8df9c90"},
    {file = "grpcio-1.34.0-cp27-cp27mu-manylinux2010_x86_64.whl", hash = "sha256:32ad56f6d3d7e699f9a0d62719f2de9092e79f444d875d70f58cf7f8bb19684c"},
    {file = "grpcio-1.34.0-cp35-cp35m-linux_armv7l.whl", hash = "sha256:e69ac6fc9096bbb43f5276655661db746233cd320808e0d302198eb43dc7bd04"},
    {file = "grpcio-1.34.0-cp35-cp35m-macosx_10_10_intel.whl", hash = "sha256:5b105adb44486fb594b8d8142b5d4fbe50cb125c77ac7d270f5d0277ce5c554a"},
    {file = "grpcio-1.34.0-cp35-cp35m-manylinux2010_i686.whl", hash = "sha256:923a3b18badc3749c4d715216934f62f46a818790e325ece6184d07e7d6c7f73"},
    {file = "grpcio-1.34.0-cp35-cp35m-manylinux2010_x86_64.whl", hash = "sha256:9579f22222ac89ceee64c1101cced6434d9f6b12078b43ece0f9d8ebdb657f73"},
    {file = "grpcio-1.34.0-cp35-cp35m-manylinux2014_i686.whl", hash = "sha256:dfa098a6ff8d1b68ed7bd655150ee91f57c29042c093ff51113176aded3f0071"},
    {file = "grpcio-1.34.0-cp35-cp35m-manylinux2014_x86_64.whl", hash = "sha256:32fbc78d558d9468a4b16f79f4130daec8e431bc7a3b1775b0e98f09a7ab45a2"},
    {file = "grpcio-1.34.0-cp35-cp35m-win32.whl", hash = "sha256:205eda06d8aeffc87a1e29ff1f090546adf0b6e766378cc4c13686534397fdb4"},
    {file = "grpcio-1.34.0-cp35-cp35m-win_amd64.whl", hash = "sha256:2ea864ae3d3abc99d3988d1d27dee3f6350b60149ccf810a89cd9a9d02a675d6"},
    {file = "grpcio-1.34.0-cp36-cp36m-linux_armv7l.whl", hash = "sha256:5d8108b240fd5b8a0483f95ab2651fe2d633311faae93a12938ea06cf61a5efd"},
    {file = "grpcio-1.34.0-cp36-cp36m-macosx_10_10_x86_64.whl", hash = "sha256:bda0f52eb1279a7119526df2ef33ea2808691120daf9effaf60ca0c07f76058a"},
    {file = "grpcio-1.34.0-cp36-cp36m-manylinux2010_i686.whl", hash = "sha256:c89b6a3eca8eae10eea78896ccfdc9d04aa2f7b2ee96de20246e5c96494c68f5"},
    {file = "grpcio-1.34.0-cp36-cp36m-manylinux2010_x86_64.whl", hash = "sha256:fa834f4c70b9df83d5af610097747c224513d59af1f03e8c06bca9a7d81fd1a3"},
    {file = "grpcio-1.34.0-cp36-cp36m-manylinux2014_i686.whl", hash = "sha256:20606ec7c265f81c5a0226f69842dc8dde66d921968ab9448e59d440cf98bebf"},
    {file = "grpcio-1.34.0-cp36-cp36m-manylinux2014_x86_64.whl", hash = "sha256:72b6a89aabf937d706946230f5aa13bdf7d2a42874810fa54436c647577b543e"},
    {file = "grpcio-1.34.0-cp36-cp36m-win32.whl", hash = "sha256:49da07ae43c552280b8b4c70617f9b589588404c2545d6eba2c55179b3d836af"},
    {file = "grpcio-1.34.0-cp36-cp36m-win_amd64.whl", hash = "sha256:beef6be49ada569edf3b73fd4eb57d6c2af7e10c0c82a210dbe51de7c4a1ed53"},
    {file = "grpcio-1.34.0-cp37-cp37m-macosx_10_10_x86_64.whl", hash = "sha256:8d92e884f6d67b9a2a4514631d3c9836281044caedb5fd34d4ce2bbec138c87d"},
    {file = "grpcio-1.34.0-cp37-cp37m-manylinux2010_i686.whl", hash = "sha256:e238a554f29d90b0e7fca15e8119b9a7c5f88faacbf9b982751ad54d639b57f8"},
    {file = "grpcio-1.34.0-cp37-cp37m-manylinux2010_x86_64.whl", hash = "sha256:98b0b6e44c451093354a38b620e6e0df958b0710abd6a0ddd84da84424bce003"},
    {file = "grpcio-1.34.0-cp37-cp37m-manylinux2014_i686.whl", hash = "sha256:bbd3522f821fb5d01049db214fb9f949a8b2d92761c2780a20ff73818efd5360"},
    {file = "grpcio-1.34.0-cp37-cp37m-manylinux2014_x86_64.whl", hash = "sha256:2f54046ca2a81ff45ec8f6d3d7447ad562adb067c3640c35354e440fd771b625"},
    {file = "grpcio-1.34.0-cp37-cp37m-win32.whl", hash = "sha256:50c4f10e7deff96d197bc6d1988c2a5a0bc6252bbd31d7fb374ce8923f937e7a"},
    {file = "grpcio-1.34.0-cp37-cp37m-win_amd64.whl", hash = "sha256:6fafdba42c26bbdf78948c09a93a8b3a8a509c66c6b4324bc1fb360bf4e82b9d"},
    {file = "grpcio-1.34.0-cp38-cp38-macosx_10_10_x86_64.whl", hash = "sha256:bd7634f8c49c8467fec5fd9e0d1abb205b0aa61670ff0113ef835ca6548aad3d"},
    {file = "grpcio-1.34.0-cp38-cp38-manylinux2010_i686.whl", hash = "sha256:69127393fc3513da228bc3908914df2284923e0eacf8d73f21ad387317450317"},
    {file = "grpcio-1.34.0-cp38-cp38-manylinux2010_x86_64.whl", hash = "sha256:5e8e6035d4f9ab856ab437e381e652b31dfd42443d2243d45bdf4b90adaf3559"},
    {file = "grpcio-1.34.0-cp38-cp38-manylinux2014_i686.whl", hash = "sha256:95de4ad9ae39590668e3330d414253f672aedd46cc107d7f71b4a2268f3d6066"},
    {file = "grpcio-1.34.0-cp38-cp38-manylinux2014_x86_64.whl", hash = "sha256:a1024006fe61ee7e43e7099faf08f4508ea0c944a1558e8d715a5b4556937ace"},
    {file = "grpcio-1.34.0-cp38-cp38-win32.whl", hash = "sha256:dea35dcf09aee91552cb4b3e250efdbcb79564b5b5517246bcbead8d5871e291"},
    {file = "grpcio-1.34.0-cp38-cp38-win_amd64.whl", hash = "sha256:e95bda60c584b3deb5c37babb44d4300cf4bf3a6c43198a244ddcaddca3fde3a"},
    {file = "grpcio-1.34.0-cp39-cp39-macosx_10_10_x86_64.whl", hash = "sha256:c88ce184973fe2035ffa176eb08cd492db090505e6b1ddc68b5cc1e0b01a07a0"},
    {file = "grpcio-1.34.0-cp39-cp39-manylinux2010_i686.whl", hash = "sha256:57a30f9df0f5342e4dad384e7023b9f88742c325838da977828c37f49eb8940a"},
    {file = "grpcio-1.34.0-cp39-cp39-manylinux2010_x86_64.whl", hash = "sha256:924d5e8b18942ebea1260e60be7e2bde2a3587ea386190b442790f84180bf372"},
    {file = "grpcio-1.34.0-cp39-cp39-manylinux2014_i686.whl", hash = "sha256:43fafebcc2e81d012f7147a0ddf9be69864c40fc4edd9844937eba0020508297"},
    {file = "grpcio-1.34.0-cp39-cp39-manylinux2014_x86_64.whl", hash = "sha256:9550b7c9d2f11579b484accc6183e02ebe33ce80a0ff15f5c28895df6b3d3108"},
    {file = "grpcio-1.34.0-cp39-cp39-win32.whl", hash = "sha256:d16f7f5a10bf24640fa639974d409c220e587b3e2fa2620af00d43ba36dafc2c"},
    {file = "grpcio-1.34.0-cp39-cp39-win_amd64.whl", hash = "sha256:25958bd7c6773e6de79781cc0d6f19d0c82332984dd07ef238889e93485d5afc"},
    {file = "grpcio-1.34.0.tar.gz", hash = "sha256:f98f746cacbaa681de0bcd90d7aa77b440e3e1327a9988f6a2b580d54e27d4c3"},
]
h5py = [
    {file = "h5py-2.10.0-cp27-cp27m-macosx_10_6_intel.whl", hash = "sha256:ecf4d0b56ee394a0984de15bceeb97cbe1fe485f1ac205121293fc44dcf3f31f"},
    {file = "h5py-2.10.0-cp27-cp27m-manylinux1_i686.whl", hash = "sha256:86868dc07b9cc8cb7627372a2e6636cdc7a53b7e2854ad020c9e9d8a4d3fd0f5"},
    {file = "h5py-2.10.0-cp27-cp27m-manylinux1_x86_64.whl", hash = "sha256:aac4b57097ac29089f179bbc2a6e14102dd210618e94d77ee4831c65f82f17c0"},
    {file = "h5py-2.10.0-cp27-cp27m-win32.whl", hash = "sha256:7be5754a159236e95bd196419485343e2b5875e806fe68919e087b6351f40a70"},
    {file = "h5py-2.10.0-cp27-cp27m-win_amd64.whl", hash = "sha256:13c87efa24768a5e24e360a40e0bc4c49bcb7ce1bb13a3a7f9902cec302ccd36"},
    {file = "h5py-2.10.0-cp27-cp27mu-manylinux1_i686.whl", hash = "sha256:79b23f47c6524d61f899254f5cd5e486e19868f1823298bc0c29d345c2447172"},
    {file = "h5py-2.10.0-cp27-cp27mu-manylinux1_x86_64.whl", hash = "sha256:cbf28ae4b5af0f05aa6e7551cee304f1d317dbed1eb7ac1d827cee2f1ef97a99"},
    {file = "h5py-2.10.0-cp34-cp34m-manylinux1_i686.whl", hash = "sha256:c0d4b04bbf96c47b6d360cd06939e72def512b20a18a8547fa4af810258355d5"},
    {file = "h5py-2.10.0-cp34-cp34m-manylinux1_x86_64.whl", hash = "sha256:549ad124df27c056b2e255ea1c44d30fb7a17d17676d03096ad5cd85edb32dc1"},
    {file = "h5py-2.10.0-cp35-cp35m-macosx_10_6_intel.whl", hash = "sha256:a5f82cd4938ff8761d9760af3274acf55afc3c91c649c50ab18fcff5510a14a5"},
    {file = "h5py-2.10.0-cp35-cp35m-manylinux1_i686.whl", hash = "sha256:3dad1730b6470fad853ef56d755d06bb916ee68a3d8272b3bab0c1ddf83bb99e"},
    {file = "h5py-2.10.0-cp35-cp35m-manylinux1_x86_64.whl", hash = "sha256:063947eaed5f271679ed4ffa36bb96f57bc14f44dd4336a827d9a02702e6ce6b"},
    {file = "h5py-2.10.0-cp35-cp35m-win32.whl", hash = "sha256:c54a2c0dd4957776ace7f95879d81582298c5daf89e77fb8bee7378f132951de"},
    {file = "h5py-2.10.0-cp35-cp35m-win_amd64.whl", hash = "sha256:6998be619c695910cb0effe5eb15d3a511d3d1a5d217d4bd0bebad1151ec2262"},
    {file = "h5py-2.10.0-cp36-cp36m-macosx_10_6_intel.whl", hash = "sha256:ff7d241f866b718e4584fa95f520cb19405220c501bd3a53ee11871ba5166ea2"},
    {file = "h5py-2.10.0-cp36-cp36m-manylinux1_i686.whl", hash = "sha256:54817b696e87eb9e403e42643305f142cd8b940fe9b3b490bbf98c3b8a894cf4"},
    {file = "h5py-2.10.0-cp36-cp36m-manylinux1_x86_64.whl", hash = "sha256:d3c59549f90a891691991c17f8e58c8544060fdf3ccdea267100fa5f561ff62f"},
    {file = "h5py-2.10.0-cp36-cp36m-win32.whl", hash = "sha256:d7ae7a0576b06cb8e8a1c265a8bc4b73d05fdee6429bffc9a26a6eb531e79d72"},
    {file = "h5py-2.10.0-cp36-cp36m-win_amd64.whl", hash = "sha256:bffbc48331b4a801d2f4b7dac8a72609f0b10e6e516e5c480a3e3241e091c878"},
    {file = "h5py-2.10.0-cp37-cp37m-macosx_10_6_intel.whl", hash = "sha256:51ae56894c6c93159086ffa2c94b5b3388c0400548ab26555c143e7cfa05b8e5"},
    {file = "h5py-2.10.0-cp37-cp37m-manylinux1_i686.whl", hash = "sha256:16ead3c57141101e3296ebeed79c9c143c32bdd0e82a61a2fc67e8e6d493e9d1"},
    {file = "h5py-2.10.0-cp37-cp37m-manylinux1_x86_64.whl", hash = "sha256:f0e25bb91e7a02efccb50aba6591d3fe2c725479e34769802fcdd4076abfa917"},
    {file = "h5py-2.10.0-cp37-cp37m-win32.whl", hash = "sha256:f23951a53d18398ef1344c186fb04b26163ca6ce449ebd23404b153fd111ded9"},
    {file = "h5py-2.10.0-cp37-cp37m-win_amd64.whl", hash = "sha256:8bb1d2de101f39743f91512a9750fb6c351c032e5cd3204b4487383e34da7f75"},
    {file = "h5py-2.10.0-cp38-cp38-macosx_10_9_x86_64.whl", hash = "sha256:64f74da4a1dd0d2042e7d04cf8294e04ddad686f8eba9bb79e517ae582f6668d"},
    {file = "h5py-2.10.0-cp38-cp38-manylinux1_x86_64.whl", hash = "sha256:d35f7a3a6cefec82bfdad2785e78359a0e6a5fbb3f605dd5623ce88082ccd681"},
    {file = "h5py-2.10.0-cp38-cp38-win32.whl", hash = "sha256:6ef7ab1089e3ef53ca099038f3c0a94d03e3560e6aff0e9d6c64c55fb13fc681"},
    {file = "h5py-2.10.0-cp38-cp38-win_amd64.whl", hash = "sha256:769e141512b54dee14ec76ed354fcacfc7d97fea5a7646b709f7400cf1838630"},
    {file = "h5py-2.10.0.tar.gz", hash = "sha256:84412798925dc870ffd7107f045d7659e60f5d46d1c70c700375248bf6bf512d"},
    {file = "h5py-3.0.0-cp36-cp36m-macosx_10_9_x86_64.whl", hash = "sha256:c377e4a269b9ff6ee9a18c420ae9ccf15133972d706f6130068f5139440da02e"},
    {file = "h5py-3.0.0-cp36-cp36m-manylinux1_x86_64.whl", hash = "sha256:bc379ce079f6228af9a61cf6ab27d2f2751498e60b1044cdc8de6edf4768db51"},
    {file = "h5py-3.0.0-cp36-cp36m-win_amd64.whl", hash = "sha256:85ce7d47042cb974aa3df7bc84c93994aa75eba72fae8f4947138bb082814a78"},
    {file = "h5py-3.0.0-cp37-cp37m-macosx_10_9_x86_64.whl", hash = "sha256:cdbccc607d2143da2ccdab5a66e061a161767cc1fbc2beb43966d1d13513fae0"},
    {file = "h5py-3.0.0-cp37-cp37m-manylinux1_x86_64.whl", hash = "sha256:4b5aa44b8c6a1303c2686ed5d655c048d9aab24d310bb309f9c0d9ce838dbe5b"},
    {file = "h5py-3.0.0-cp37-cp37m-win_amd64.whl", hash = "sha256:5ae5785284d10e385982e04028b61f63f2a6b1dbf24e5e3b770ec1ce18dac63c"},
    {file = "h5py-3.0.0-cp38-cp38-macosx_10_9_x86_64.whl", hash = "sha256:91f3fe63b1e382768564bc8b01308123e4ac448adf4f22b99f8fdf6bb2ddb528"},
    {file = "h5py-3.0.0-cp38-cp38-manylinux1_x86_64.whl", hash = "sha256:8e82cf9d2b97aa0369fa96804defafe2c66ea4393782937b027598d39911dce6"},
    {file = "h5py-3.0.0-cp38-cp38-win_amd64.whl", hash = "sha256:a8719311de0d72590f4cb6323e9b97b00f3b0ff0023b62bb21c2779b5e1a0321"},
    {file = "h5py-3.0.0-cp39-cp39-macosx_10_9_x86_64.whl", hash = "sha256:9267daf05857a6e04c6f1fccc61d7fbaf19a496af3382379bc84b3158f81d33a"},
    {file = "h5py-3.0.0-cp39-cp39-manylinux1_x86_64.whl", hash = "sha256:1ec6d29fe99f0bd7b431285117222a899cb1bbaff43d714157824a29f425db18"},
    {file = "h5py-3.0.0-cp39-cp39-win_amd64.whl", hash = "sha256:1a594ee690e3ec4ac2ec091cc53fc2626abcd898da138c9fb07580e2f1951adb"},
    {file = "h5py-3.0.0.tar.gz", hash = "sha256:7d3803be1b530c68c2955faba726dc0f591079b68941a0c0269b5384a42ab519"},
    {file = "h5py-3.1.0-cp36-cp36m-macosx_10_9_x86_64.whl", hash = "sha256:1cd367f89a5441236bdbb795e9fb9a9e3424929c00b4a54254ca760437f83d69"},
    {file = "h5py-3.1.0-cp36-cp36m-manylinux1_x86_64.whl", hash = "sha256:fea05349f63625a8fb808e57e42bb4c76930cf5d50ac58b678c52f913a48a89b"},
    {file = "h5py-3.1.0-cp36-cp36m-win_amd64.whl", hash = "sha256:2e37352ddfcf9d77a2a47f7c8f7e125c6d20cc06c2995edeb7be222d4e152636"},
    {file = "h5py-3.1.0-cp37-cp37m-macosx_10_9_x86_64.whl", hash = "sha256:e33f61d3eb862614c0f273a1f993a64dc2f093e1a3094932c50ada9d2db2170f"},
    {file = "h5py-3.1.0-cp37-cp37m-manylinux1_x86_64.whl", hash = "sha256:236ac8d943be30b617ab615c3d4a4bf4a438add2be87e54af3687ab721a18fac"},
    {file = "h5py-3.1.0-cp37-cp37m-win_amd64.whl", hash = "sha256:02c391fdb980762a1cc03a4bcaecd03dc463994a9a63a02264830114a96e111f"},
    {file = "h5py-3.1.0-cp38-cp38-macosx_10_9_x86_64.whl", hash = "sha256:f89a3dae38843ffa49d17a31a3509a8129e9b46ece602a0138e1ed79e685c361"},
    {file = "h5py-3.1.0-cp38-cp38-manylinux1_x86_64.whl", hash = "sha256:ba71f6229d2013fbb606476ecc29c6223fc16b244d35fcd8566ad9dbaf910857"},
    {file = "h5py-3.1.0-cp38-cp38-win_amd64.whl", hash = "sha256:dccb89358bc84abcd711363c3e138f9f4eccfdf866f2139a8e72308328765b2c"},
    {file = "h5py-3.1.0-cp39-cp39-macosx_10_9_x86_64.whl", hash = "sha256:cb74df83709d6d03d11e60b9480812f58da34f194beafa8c8314dbbeeedfe0a6"},
    {file = "h5py-3.1.0-cp39-cp39-manylinux1_x86_64.whl", hash = "sha256:80c623be10479e81b64fa713b7ed4c0bbe9f02e8e7d2a2e5382336087b615ce4"},
    {file = "h5py-3.1.0-cp39-cp39-win_amd64.whl", hash = "sha256:1cdfd1c5449ca1329d152f0b66830e93226ebce4f5e07dd8dc16bfc2b1a49d7b"},
    {file = "h5py-3.1.0.tar.gz", hash = "sha256:1e2516f190652beedcb8c7acfa1c6fa92d99b42331cbef5e5c7ec2d65b0fc3c2"},
]
importlib-metadata = [
    {file = "importlib_metadata-3.3.0-py3-none-any.whl", hash = "sha256:bf792d480abbd5eda85794e4afb09dd538393f7d6e6ffef6e9f03d2014cf9450"},
    {file = "importlib_metadata-3.3.0.tar.gz", hash = "sha256:5c5a2720817414a6c41f0a49993908068243ae02c1635a228126519b509c8aed"},
]
joblib = [
    {file = "joblib-1.0.0-py3-none-any.whl", hash = "sha256:75ead23f13484a2a414874779d69ade40d4fa1abe62b222a23cd50d4bc822f6f"},
    {file = "joblib-1.0.0.tar.gz", hash = "sha256:7ad866067ac1fdec27d51c8678ea760601b70e32ff1881d4dc8e1171f2b64b24"},
]
keras-applications = [
    {file = "Keras_Applications-1.0.8-py3-none-any.whl", hash = "sha256:df4323692b8c1174af821bf906f1e442e63fa7589bf0f1230a0b6bdc5a810c95"},
    {file = "Keras_Applications-1.0.8.tar.gz", hash = "sha256:5579f9a12bcde9748f4a12233925a59b93b73ae6947409ff34aa2ba258189fe5"},
]
keras-preprocessing = [
    {file = "Keras_Preprocessing-1.1.2-py2.py3-none-any.whl", hash = "sha256:7b82029b130ff61cc99b55f3bd27427df4838576838c5b2f65940e4fcec99a7b"},
    {file = "Keras_Preprocessing-1.1.2.tar.gz", hash = "sha256:add82567c50c8bc648c14195bf544a5ce7c1f76761536956c3d2978970179ef3"},
]
markdown = [
    {file = "Markdown-3.3.3-py3-none-any.whl", hash = "sha256:c109c15b7dc20a9ac454c9e6025927d44460b85bd039da028d85e2b6d0bcc328"},
    {file = "Markdown-3.3.3.tar.gz", hash = "sha256:5d9f2b5ca24bc4c7a390d22323ca4bad200368612b5aaa7796babf971d2b2f18"},
]
numpy = [
    {file = "numpy-1.18.5-cp35-cp35m-macosx_10_9_intel.whl", hash = "sha256:e91d31b34fc7c2c8f756b4e902f901f856ae53a93399368d9a0dc7be17ed2ca0"},
    {file = "numpy-1.18.5-cp35-cp35m-manylinux1_i686.whl", hash = "sha256:7d42ab8cedd175b5ebcb39b5208b25ba104842489ed59fbb29356f671ac93583"},
    {file = "numpy-1.18.5-cp35-cp35m-manylinux1_x86_64.whl", hash = "sha256:a78e438db8ec26d5d9d0e584b27ef25c7afa5a182d1bf4d05e313d2d6d515271"},
    {file = "numpy-1.18.5-cp35-cp35m-win32.whl", hash = "sha256:a87f59508c2b7ceb8631c20630118cc546f1f815e034193dc72390db038a5cb3"},
    {file = "numpy-1.18.5-cp35-cp35m-win_amd64.whl", hash = "sha256:965df25449305092b23d5145b9bdaeb0149b6e41a77a7d728b1644b3c99277c1"},
    {file = "numpy-1.18.5-cp36-cp36m-macosx_10_9_x86_64.whl", hash = "sha256:ac792b385d81151bae2a5a8adb2b88261ceb4976dbfaaad9ce3a200e036753dc"},
    {file = "numpy-1.18.5-cp36-cp36m-manylinux1_i686.whl", hash = "sha256:ef627986941b5edd1ed74ba89ca43196ed197f1a206a3f18cc9faf2fb84fd675"},
    {file = "numpy-1.18.5-cp36-cp36m-manylinux1_x86_64.whl", hash = "sha256:f718a7949d1c4f622ff548c572e0c03440b49b9531ff00e4ed5738b459f011e8"},
    {file = "numpy-1.18.5-cp36-cp36m-win32.whl", hash = "sha256:4064f53d4cce69e9ac613256dc2162e56f20a4e2d2086b1956dd2fcf77b7fac5"},
    {file = "numpy-1.18.5-cp36-cp36m-win_amd64.whl", hash = "sha256:b03b2c0badeb606d1232e5f78852c102c0a7989d3a534b3129e7856a52f3d161"},
    {file = "numpy-1.18.5-cp37-cp37m-macosx_10_9_x86_64.whl", hash = "sha256:a7acefddf994af1aeba05bbbafe4ba983a187079f125146dc5859e6d817df824"},
    {file = "numpy-1.18.5-cp37-cp37m-manylinux1_i686.whl", hash = "sha256:cd49930af1d1e49a812d987c2620ee63965b619257bd76eaaa95870ca08837cf"},
    {file = "numpy-1.18.5-cp37-cp37m-manylinux1_x86_64.whl", hash = "sha256:b39321f1a74d1f9183bf1638a745b4fd6fe80efbb1f6b32b932a588b4bc7695f"},
    {file = "numpy-1.18.5-cp37-cp37m-win32.whl", hash = "sha256:cae14a01a159b1ed91a324722d746523ec757357260c6804d11d6147a9e53e3f"},
    {file = "numpy-1.18.5-cp37-cp37m-win_amd64.whl", hash = "sha256:0172304e7d8d40e9e49553901903dc5f5a49a703363ed756796f5808a06fc233"},
    {file = "numpy-1.18.5-cp38-cp38-macosx_10_9_x86_64.whl", hash = "sha256:e15b382603c58f24265c9c931c9a45eebf44fe2e6b4eaedbb0d025ab3255228b"},
    {file = "numpy-1.18.5-cp38-cp38-manylinux1_i686.whl", hash = "sha256:3676abe3d621fc467c4c1469ee11e395c82b2d6b5463a9454e37fe9da07cd0d7"},
    {file = "numpy-1.18.5-cp38-cp38-manylinux1_x86_64.whl", hash = "sha256:4674f7d27a6c1c52a4d1aa5f0881f1eff840d2206989bae6acb1c7668c02ebfb"},
    {file = "numpy-1.18.5-cp38-cp38-win32.whl", hash = "sha256:9c9d6531bc1886454f44aa8f809268bc481295cf9740827254f53c30104f074a"},
    {file = "numpy-1.18.5-cp38-cp38-win_amd64.whl", hash = "sha256:3dd6823d3e04b5f223e3e265b4a1eae15f104f4366edd409e5a5e413a98f911f"},
    {file = "numpy-1.18.5.zip", hash = "sha256:34e96e9dae65c4839bd80012023aadd6ee2ccb73ce7fdf3074c62f301e63120b"},
]
opencv-python = [
    {file = "opencv-python-4.4.0.46.tar.gz", hash = "sha256:d80db278a07f51811dbf0f9c31ff7cd5b2501822fb7a7587e71f9ff27d5c04bd"},
    {file = "opencv_python-4.4.0.46-cp36-cp36m-macosx_10_13_x86_64.whl", hash = "sha256:14df77490c8aedceae74e660564d48c04761658aecc93895ac5e974006a89606"},
    {file = "opencv_python-4.4.0.46-cp36-cp36m-manylinux2014_i686.whl", hash = "sha256:6b6d23de6d5ddc55e865ac8532bf8062b26ba70305fa1c87c671717027dcd370"},
    {file = "opencv_python-4.4.0.46-cp36-cp36m-manylinux2014_x86_64.whl", hash = "sha256:6b1d85cbb64ce20ac5f79ad8e3e76a3dbff53d258c65f2fc0b9411321147a0be"},
    {file = "opencv_python-4.4.0.46-cp36-cp36m-win32.whl", hash = "sha256:4af0053c6a70f127a52c26b112341826d3dbfce6955beb9044d3eabd7e14d1cd"},
    {file = "opencv_python-4.4.0.46-cp36-cp36m-win_amd64.whl", hash = "sha256:135e05b69ab9665cbe2589f56e60895219bc2443a632bdc4bde72fb95eda1582"},
    {file = "opencv_python-4.4.0.46-cp37-cp37m-macosx_10_13_x86_64.whl", hash = "sha256:51baebb0f8f3cae4cccd30daf018a5bb75cb759d5658aea29100d34cd5cac106"},
    {file = "opencv_python-4.4.0.46-cp37-cp37m-manylinux2014_i686.whl", hash = "sha256:9659e80059c9f39728c7dcc22032dff0d1d467f07b6cd8e036613393e4b7c71a"},
    {file = "opencv_python-4.4.0.46-cp37-cp37m-manylinux2014_x86_64.whl", hash = "sha256:f69a56e958ecb549ba84e0497a438080932b4d52ded441cec04d80afde71dc0a"},
    {file = "opencv_python-4.4.0.46-cp37-cp37m-win32.whl", hash = "sha256:68a9ec7e32f82cab267b6f757d9862a9a930371062739f9d00472e7c850c5854"},
    {file = "opencv_python-4.4.0.46-cp37-cp37m-win_amd64.whl", hash = "sha256:17581c68400f828700e5c6b3b082f50c781bf74cb9a7b972a04f05d26c8e894a"},
    {file = "opencv_python-4.4.0.46-cp38-cp38-macosx_10_13_x86_64.whl", hash = "sha256:db874c65654465ef71d6e8618bed8c725722bc90624132b9512bf061abb4eec0"},
    {file = "opencv_python-4.4.0.46-cp38-cp38-manylinux2014_i686.whl", hash = "sha256:8aeda9b2c37bf91fa88d67f09b85f2250661eec43d72184ec544783de204e96a"},
    {file = "opencv_python-4.4.0.46-cp38-cp38-manylinux2014_x86_64.whl", hash = "sha256:8a8ebd7ceebc0be9c14ca3e25a1c4ae086016b469848258e998247f2fc855314"},
    {file = "opencv_python-4.4.0.46-cp38-cp38-win32.whl", hash = "sha256:e4c072cf4260063ebadc70e34d622fa1127a88e364475ed757709e249ebe990f"},
    {file = "opencv_python-4.4.0.46-cp38-cp38-win_amd64.whl", hash = "sha256:6022609b67f9c0f14e6807e782660d1d1be94d4f0c7bc1794d7d8f600014acb2"},
    {file = "opencv_python-4.4.0.46-cp39-cp39-macosx_10_13_x86_64.whl", hash = "sha256:117dbb2fd184de28d831f14c1da17864efcee7bb7895e43adf40f5e1da9137fb"},
    {file = "opencv_python-4.4.0.46-cp39-cp39-manylinux2014_i686.whl", hash = "sha256:c1382209a771ca8a25fe89d4a2377875538c6ed3cf8745280e65636cbd0988f2"},
    {file = "opencv_python-4.4.0.46-cp39-cp39-manylinux2014_x86_64.whl", hash = "sha256:744e9ae2fb4c8574e6d4a762146b4d0984bdec60b98480fc54a363c03a07a1ac"},
    {file = "opencv_python-4.4.0.46-cp39-cp39-win32.whl", hash = "sha256:7fe81d08df4eb5dc4c6aa5f09888b6fd390fce5fa7d5624a98cac890b9aa6181"},
    {file = "opencv_python-4.4.0.46-cp39-cp39-win_amd64.whl", hash = "sha256:0548981fe189e0d57b9cc65066b66fd70d4bc84ea906f349a63d9098e1b911c6"},
]
opt-einsum = [
    {file = "opt_einsum-3.3.0-py3-none-any.whl", hash = "sha256:2455e59e3947d3c275477df7f5205b30635e266fe6dc300e3d9f9646bfcea147"},
    {file = "opt_einsum-3.3.0.tar.gz", hash = "sha256:59f6475f77bbc37dcf7cd748519c0ec60722e91e63ca114e68821c0c54a46549"},
]
protobuf = [
    {file = "protobuf-3.14.0-cp27-cp27m-macosx_10_9_x86_64.whl", hash = "sha256:629b03fd3caae7f815b0c66b41273f6b1900a579e2ccb41ef4493a4f5fb84f3a"},
    {file = "protobuf-3.14.0-cp27-cp27mu-manylinux1_x86_64.whl", hash = "sha256:5b7a637212cc9b2bcf85dd828b1178d19efdf74dbfe1ddf8cd1b8e01fdaaa7f5"},
    {file = "protobuf-3.14.0-cp35-cp35m-macosx_10_9_intel.whl", hash = "sha256:43b554b9e73a07ba84ed6cf25db0ff88b1e06be610b37656e292e3cbb5437472"},
    {file = "protobuf-3.14.0-cp35-cp35m-manylinux1_x86_64.whl", hash = "sha256:5e9806a43232a1fa0c9cf5da8dc06f6910d53e4390be1fa06f06454d888a9142"},
    {file = "protobuf-3.14.0-cp35-cp35m-win32.whl", hash = "sha256:1c51fda1bbc9634246e7be6016d860be01747354ed7015ebe38acf4452f470d2"},
    {file = "protobuf-3.14.0-cp35-cp35m-win_amd64.whl", hash = "sha256:4b74301b30513b1a7494d3055d95c714b560fbb630d8fb9956b6f27992c9f980"},
    {file = "protobuf-3.14.0-cp36-cp36m-macosx_10_9_x86_64.whl", hash = "sha256:86a75477addde4918e9a1904e5c6af8d7b691f2a3f65587d73b16100fbe4c3b2"},
    {file = "protobuf-3.14.0-cp36-cp36m-manylinux1_x86_64.whl", hash = "sha256:ecc33531a213eee22ad60e0e2aaea6c8ba0021f0cce35dbf0ab03dee6e2a23a1"},
    {file = "protobuf-3.14.0-cp36-cp36m-win32.whl", hash = "sha256:72230ed56f026dd664c21d73c5db73ebba50d924d7ba6b7c0d81a121e390406e"},
    {file = "protobuf-3.14.0-cp36-cp36m-win_amd64.whl", hash = "sha256:0fc96785262042e4863b3f3b5c429d4636f10d90061e1840fce1baaf59b1a836"},
    {file = "protobuf-3.14.0-cp37-cp37m-macosx_10_9_x86_64.whl", hash = "sha256:4e75105c9dfe13719b7293f75bd53033108f4ba03d44e71db0ec2a0e8401eafd"},
    {file = "protobuf-3.14.0-cp37-cp37m-manylinux1_x86_64.whl", hash = "sha256:2a7e2fe101a7ace75e9327b9c946d247749e564a267b0515cf41dfe450b69bac"},
    {file = "protobuf-3.14.0-cp37-cp37m-win32.whl", hash = "sha256:b0d5d35faeb07e22a1ddf8dce620860c8fe145426c02d1a0ae2688c6e8ede36d"},
    {file = "protobuf-3.14.0-cp37-cp37m-win_amd64.whl", hash = "sha256:8971c421dbd7aad930c9bd2694122f332350b6ccb5202a8b7b06f3f1a5c41ed5"},
    {file = "protobuf-3.14.0-cp38-cp38-macosx_10_9_x86_64.whl", hash = "sha256:9616f0b65a30851e62f1713336c931fcd32c057202b7ff2cfbfca0fc7d5e3043"},
    {file = "protobuf-3.14.0-cp38-cp38-manylinux1_x86_64.whl", hash = "sha256:22bcd2e284b3b1d969c12e84dc9b9a71701ec82d8ce975fdda19712e1cfd4e00"},
    {file = "protobuf-3.14.0-py2.py3-none-any.whl", hash = "sha256:0e247612fadda953047f53301a7b0407cb0c3cb4ae25a6fde661597a04039b3c"},
    {file = "protobuf-3.14.0.tar.gz", hash = "sha256:1d63eb389347293d8915fb47bee0951c7b5dab522a4a60118b9a18f33e21f8ce"},
]
pycryptodomex = [
    {file = "pycryptodomex-3.9.7-cp27-cp27m-macosx_10_6_intel.whl", hash = "sha256:a3f2908666e6f74b8c4893f86dd02e16170f50e4a78ae7f3468b6208d54bc205"},
    {file = "pycryptodomex-3.9.7-cp27-cp27m-manylinux1_i686.whl", hash = "sha256:1537d2d15b604b303aef56e7f440895a1c81adbee786b91f1f06eddc34da5314"},
    {file = "pycryptodomex-3.9.7-cp27-cp27m-manylinux1_x86_64.whl", hash = "sha256:5cf306a17cccc327a33cdc3845629fa13f4573a4ec620ed607c79cf6785f2e27"},
    {file = "pycryptodomex-3.9.7-cp27-cp27m-win32.whl", hash = "sha256:37033976f72af829fe15f7fe5fe1dbed308cc43a98d9dd9d2a0a76de8ca5ee78"},
    {file = "pycryptodomex-3.9.7-cp27-cp27m-win_amd64.whl", hash = "sha256:ebfc2f885cafda076c31ae30fa0dd81e7e919ec34059a88d3018ed66e83fcce3"},
    {file = "pycryptodomex-3.9.7-cp27-cp27mu-manylinux1_i686.whl", hash = "sha256:5fff8da399af16a1855f58771223acbbdac720b9969cd03fc5013d2e9a7bd9a4"},
    {file = "pycryptodomex-3.9.7-cp27-cp27mu-manylinux1_x86_64.whl", hash = "sha256:f7e5fc5e124200b19a14be33fb0099e956e6ebb5e25d287b0829ef0a78ed76c7"},
    {file = "pycryptodomex-3.9.7-cp34-cp34m-manylinux1_i686.whl", hash = "sha256:e76e6638ead4a7d93262a24218f0ff3ff74de6b6c823b7e19dccb31b6a481978"},
    {file = "pycryptodomex-3.9.7-cp34-cp34m-manylinux1_x86_64.whl", hash = "sha256:6b3a9a562688996f760b5077714c3ab8b62ca56061b6e9ab7906841e43e19f91"},
    {file = "pycryptodomex-3.9.7-cp35-cp35m-macosx_10_6_intel.whl", hash = "sha256:4c93038ac011b36512cb0bf2ee3e2aec774e8bc81021d015917c89fe02bb0ee5"},
    {file = "pycryptodomex-3.9.7-cp35-cp35m-manylinux1_i686.whl", hash = "sha256:87aa70daad6f039e814790a06422a3189311198b674b62f13933a2bdcb6b1bcc"},
    {file = "pycryptodomex-3.9.7-cp35-cp35m-manylinux1_x86_64.whl", hash = "sha256:3c3dd9d4c9c1e279d3945ae422895c901f98987333acc132dc094faf52afec35"},
    {file = "pycryptodomex-3.9.7-cp35-cp35m-win32.whl", hash = "sha256:59b0ea9cda5490f924771456912a225d8d9e678891f9f986661af718534719b2"},
    {file = "pycryptodomex-3.9.7-cp35-cp35m-win_amd64.whl", hash = "sha256:99be3a1df2b2b9f731ebe1c264a2c07c465e71cee68e35e1640b645b5213a755"},
    {file = "pycryptodomex-3.9.7-cp36-cp36m-macosx_10_6_intel.whl", hash = "sha256:68650ce5b9f7152b8283302a4617269f821695a612692640dd247bd12ab21c0b"},
    {file = "pycryptodomex-3.9.7-cp36-cp36m-manylinux1_i686.whl", hash = "sha256:7e938ed51a59e29431ea86fab60423ada2757728db0f78952329fa02a789bd31"},
    {file = "pycryptodomex-3.9.7-cp36-cp36m-manylinux1_x86_64.whl", hash = "sha256:f5797a39933a3d41526da60856735e6684b2b71a8ca99d5f79555ca121be2f4b"},
    {file = "pycryptodomex-3.9.7-cp36-cp36m-win32.whl", hash = "sha256:e585d530764c459cbd5d460aed0288807bb881f376ca9a20e653645217895961"},
    {file = "pycryptodomex-3.9.7-cp36-cp36m-win_amd64.whl", hash = "sha256:45ee555fc5e28c119a46d44ce373f5237e54a35c61b750fb3a94446b09855dbc"},
    {file = "pycryptodomex-3.9.7-cp37-cp37m-macosx_10_6_intel.whl", hash = "sha256:d2c3c280975638e2a2c2fd9cb36ab111980219757fa163a2755594b9448e4138"},
    {file = "pycryptodomex-3.9.7-cp37-cp37m-manylinux1_i686.whl", hash = "sha256:1d20ab8369b7558168fc014a0745c678613f9f486dae468cca2d68145196b8a4"},
    {file = "pycryptodomex-3.9.7-cp37-cp37m-manylinux1_x86_64.whl", hash = "sha256:b1515ce3a8a2c3fa537d137c5ca5f8b7a902044d04e07d7c3aa26c3e026120fb"},
    {file = "pycryptodomex-3.9.7-cp37-cp37m-win32.whl", hash = "sha256:afb4c2fa3c6f492fd9a8b38d76e13f32d429b8e5e1e00238309391b5591cde0d"},
    {file = "pycryptodomex-3.9.7-cp37-cp37m-win_amd64.whl", hash = "sha256:c436919117c23355740c669f89720673578b9aa4569bbfe105f6c10101fc1966"},
    {file = "pycryptodomex-3.9.7-cp38-cp38-macosx_10_9_x86_64.whl", hash = "sha256:fb350e31e55211fec8ddc89fc0256f3b9bc3b44b68a8bde1cf44b3b4e80c0e42"},
    {file = "pycryptodomex-3.9.7-cp38-cp38-manylinux1_i686.whl", hash = "sha256:ae3d44a639fd11dbdeca47e35e94febb1ee8bc15daf26673331add37146e0b85"},
    {file = "pycryptodomex-3.9.7-cp38-cp38-manylinux1_x86_64.whl", hash = "sha256:3c9b3fba037ea52c626060c5a87ee6de7e86c99e8a7c6ee07302539985d2bd64"},
    {file = "pycryptodomex-3.9.7-cp38-cp38-win32.whl", hash = "sha256:bf391b377413a197000b43ef2b74359974d8927d329a897c9f5ba7b63dca7b9c"},
    {file = "pycryptodomex-3.9.7-cp38-cp38-win_amd64.whl", hash = "sha256:1ecc9db7409db67765eb008e558879d298406642d33ade43a6488224d23e8081"},
    {file = "pycryptodomex-3.9.7.tar.gz", hash = "sha256:50163324834edd0c9ce3e4512ded3e221c969086e10fdd5d3fdcaadac5e24a78"},
]
pyfakewebcam = [
    {file = "pyfakewebcam-0.1.0.tar.gz", hash = "sha256:2ad8ceada6605d8ba6ba76e087edf20bfce22d544fc410013067d7ce347d5694"},
]
scikit-learn = [
    {file = "scikit_learn-0.22.2-cp36-cp36m-macosx_10_9_x86_64.whl", hash = "sha256:c3be9ec4ec1af862864b9ffc9ec429de9fa28119e9fb88c542fefce8e31cadd3"},
    {file = "scikit_learn-0.22.2-cp36-cp36m-manylinux1_i686.whl", hash = "sha256:13cdde64430bb48c8ac7a36244f3b4b2ddded8d3b207af317e460a593f566c69"},
    {file = "scikit_learn-0.22.2-cp36-cp36m-manylinux1_x86_64.whl", hash = "sha256:bc8b37ca0de794838376cffddab69a46a9a54c4330800ea1f93cab61ca67dfa3"},
    {file = "scikit_learn-0.22.2-cp36-cp36m-win32.whl", hash = "sha256:045702fc87c7c022daac10e52f8cea355e28c7ecacf142820f49605f956d0fca"},
    {file = "scikit_learn-0.22.2-cp36-cp36m-win_amd64.whl", hash = "sha256:af7649de54d3a5bf7dbc79430fb6ecb5c983c9d1521012800cd06276bc82062a"},
    {file = "scikit_learn-0.22.2-cp37-cp37m-macosx_10_9_x86_64.whl", hash = "sha256:5cd163b69d0f7f0ea6405dcb4eb9c96d40dc2a4798c9aef6a607482d0cc6e9d0"},
    {file = "scikit_learn-0.22.2-cp37-cp37m-manylinux1_i686.whl", hash = "sha256:c54086447dafc62a2c8887abe48d048ba34e17f34b6ad6199c250a29e016c8b7"},
    {file = "scikit_learn-0.22.2-cp37-cp37m-manylinux1_x86_64.whl", hash = "sha256:f827963b0fc5c08152a4f2c32a91b9ba63254f395420a10a731b9d1b0c2977f8"},
    {file = "scikit_learn-0.22.2-cp37-cp37m-win32.whl", hash = "sha256:1931bd555497cc98a919bfc25a29c100a539f708e424f4389bb414402b777079"},
    {file = "scikit_learn-0.22.2-cp37-cp37m-win_amd64.whl", hash = "sha256:1527c8a7ab2cbd0fe27801eb3bcd5df30646f4b22b7eb445eff69096ed35bd6f"},
    {file = "scikit_learn-0.22.2-cp38-cp38-macosx_10_9_x86_64.whl", hash = "sha256:6caaa33e9ce65bd949efdb1cd6b6b225ae79c85f84d725fc9e47063e7c024567"},
    {file = "scikit_learn-0.22.2-cp38-cp38-manylinux1_i686.whl", hash = "sha256:e6994e41e6df39ea4603b00e0b328689bbcdee53b50a18fce5e4451949064fd1"},
    {file = "scikit_learn-0.22.2-cp38-cp38-manylinux1_x86_64.whl", hash = "sha256:3e726678a175ff0ddeb841297893881fdb6c0e9263a9e340dca0c7bc71b4311f"},
    {file = "scikit_learn-0.22.2-cp38-cp38-win32.whl", hash = "sha256:f18a243c52d38f192e21b82e6147bfc2ddfeddb172c109530f68100c21b8c606"},
    {file = "scikit_learn-0.22.2-cp38-cp38-win_amd64.whl", hash = "sha256:2019a7a1c27a013cf5ecea4e784f1f1cbdb978907baa888e5015fa9ed1d992e6"},
]
scipy = [
    {file = "scipy-1.4.1-cp35-cp35m-macosx_10_6_intel.whl", hash = "sha256:c5cac0c0387272ee0e789e94a570ac51deb01c796b37fb2aad1fb13f85e2f97d"},
    {file = "scipy-1.4.1-cp35-cp35m-manylinux1_i686.whl", hash = "sha256:a144811318853a23d32a07bc7fd5561ff0cac5da643d96ed94a4ffe967d89672"},
    {file = "scipy-1.4.1-cp35-cp35m-manylinux1_x86_64.whl", hash = "sha256:71eb180f22c49066f25d6df16f8709f215723317cc951d99e54dc88020ea57be"},
    {file = "scipy-1.4.1-cp35-cp35m-win32.whl", hash = "sha256:770254a280d741dd3436919d47e35712fb081a6ff8bafc0f319382b954b77802"},
    {file = "scipy-1.4.1-cp35-cp35m-win_amd64.whl", hash = "sha256:a1aae70d52d0b074d8121333bc807a485f9f1e6a69742010b33780df2e60cfe0"},
    {file = "scipy-1.4.1-cp36-cp36m-macosx_10_6_intel.whl", hash = "sha256:bb517872058a1f087c4528e7429b4a44533a902644987e7b2fe35ecc223bc408"},
    {file = "scipy-1.4.1-cp36-cp36m-manylinux1_i686.whl", hash = "sha256:dba8306f6da99e37ea08c08fef6e274b5bf8567bb094d1dbe86a20e532aca088"},
    {file = "scipy-1.4.1-cp36-cp36m-manylinux1_x86_64.whl", hash = "sha256:386086e2972ed2db17cebf88610aab7d7f6e2c0ca30042dc9a89cf18dcc363fa"},
    {file = "scipy-1.4.1-cp36-cp36m-win32.whl", hash = "sha256:8d3bc3993b8e4be7eade6dcc6fd59a412d96d3a33fa42b0fa45dc9e24495ede9"},
    {file = "scipy-1.4.1-cp36-cp36m-win_amd64.whl", hash = "sha256:dc60bb302f48acf6da8ca4444cfa17d52c63c5415302a9ee77b3b21618090521"},
    {file = "scipy-1.4.1-cp37-cp37m-macosx_10_6_intel.whl", hash = "sha256:787cc50cab3020a865640aba3485e9fbd161d4d3b0d03a967df1a2881320512d"},
    {file = "scipy-1.4.1-cp37-cp37m-manylinux1_i686.whl", hash = "sha256:0902a620a381f101e184a958459b36d3ee50f5effd186db76e131cbefcbb96f7"},
    {file = "scipy-1.4.1-cp37-cp37m-manylinux1_x86_64.whl", hash = "sha256:00af72998a46c25bdb5824d2b729e7dabec0c765f9deb0b504f928591f5ff9d4"},
    {file = "scipy-1.4.1-cp37-cp37m-win32.whl", hash = "sha256:9508a7c628a165c2c835f2497837bf6ac80eb25291055f56c129df3c943cbaf8"},
    {file = "scipy-1.4.1-cp37-cp37m-win_amd64.whl", hash = "sha256:a2d6df9eb074af7f08866598e4ef068a2b310d98f87dc23bd1b90ec7bdcec802"},
    {file = "scipy-1.4.1-cp38-cp38-macosx_10_9_x86_64.whl", hash = "sha256:3092857f36b690a321a662fe5496cb816a7f4eecd875e1d36793d92d3f884073"},
    {file = "scipy-1.4.1-cp38-cp38-manylinux1_i686.whl", hash = "sha256:8a07760d5c7f3a92e440ad3aedcc98891e915ce857664282ae3c0220f3301eb6"},
    {file = "scipy-1.4.1-cp38-cp38-manylinux1_x86_64.whl", hash = "sha256:1e3190466d669d658233e8a583b854f6386dd62d655539b77b3fa25bfb2abb70"},
    {file = "scipy-1.4.1-cp38-cp38-win32.whl", hash = "sha256:cc971a82ea1170e677443108703a2ec9ff0f70752258d0e9f5433d00dda01f59"},
    {file = "scipy-1.4.1-cp38-cp38-win_amd64.whl", hash = "sha256:2cce3f9847a1a51019e8c5b47620da93950e58ebc611f13e0d11f4980ca5fecb"},
    {file = "scipy-1.4.1.tar.gz", hash = "sha256:dee1bbf3a6c8f73b6b218cb28eed8dd13347ea2f87d572ce19b289d6fd3fbc59"},
]
six = [
    {file = "six-1.15.0-py2.py3-none-any.whl", hash = "sha256:8b74bedcbbbaca38ff6d7491d76f2b06b3592611af620f8426e82dddb04a5ced"},
    {file = "six-1.15.0.tar.gz", hash = "sha256:30639c035cdb23534cd4aa2dd52c3bf48f06e5f4a941509c8bafd8ce11080259"},
]
tensorboard = [
    {file = "tensorboard-1.15.0-py2-none-any.whl", hash = "sha256:612b789386aa1b2c4804e1961273b37f8e4dd97613f98bc90ff0402d24627f50"},
    {file = "tensorboard-1.15.0-py3-none-any.whl", hash = "sha256:4cad2c65f6011e51609b463014c014fd7c6ddd9c1263af1d4f18dd97ed88c2bc"},
]
tensorflow-estimator = [
    {file = "tensorflow_estimator-1.15.1-py2.py3-none-any.whl", hash = "sha256:8853bfb7c3c96fbdc80b3d66c37a10af6ccbcd235dc87474764270c02a0f86b9"},
]
tensorflow-gpu = [
    {file = "tensorflow_gpu-1.15.4-cp35-cp35m-manylinux2010_x86_64.whl", hash = "sha256:f7102012a5385b8b2686c58d07f36cb466ea601e285af045a9f26216fb34014d"},
    {file = "tensorflow_gpu-1.15.4-cp35-cp35m-win_amd64.whl", hash = "sha256:d182727c02a8d9e779725331fd494d407dc4ca7d62b86025ba826852514a24a1"},
    {file = "tensorflow_gpu-1.15.4-cp36-cp36m-manylinux2010_x86_64.whl", hash = "sha256:755109bf58202687d03b0197e921b17b3cd58a087f8a22a82400cc50c6538052"},
    {file = "tensorflow_gpu-1.15.4-cp36-cp36m-win_amd64.whl", hash = "sha256:4d9cebf6c36ff4ec34ac2d7b8e5ae487e6026b3918943ceb032876a4893f0f72"},
    {file = "tensorflow_gpu-1.15.4-cp37-cp37m-manylinux2010_x86_64.whl", hash = "sha256:efd04c37a01f50bd9bf40152577e46f481fa9b2b793712beeca69bf7f06e2483"},
    {file = "tensorflow_gpu-1.15.4-cp37-cp37m-win_amd64.whl", hash = "sha256:c7d19a7ed1add6f1ad0768f436c08b9ffab540f74e066faedaed4ac33537aa9f"},
]
termcolor = [
    {file = "termcolor-1.1.0.tar.gz", hash = "sha256:1d6d69ce66211143803fbc56652b41d73b4a400a2891d7bf7a1cdf4c02de613b"},
]
typing-extensions = [
    {file = "typing_extensions-3.7.4.3-py2-none-any.whl", hash = "sha256:dafc7639cde7f1b6e1acc0f457842a83e722ccca8eef5270af2d74792619a89f"},
    {file = "typing_extensions-3.7.4.3-py3-none-any.whl", hash = "sha256:7cb407020f00f7bfc3cb3e7881628838e69d8f3fcab2f64742a5e76b2f841918"},
    {file = "typing_extensions-3.7.4.3.tar.gz", hash = "sha256:99d4073b617d30288f569d3f13d2bd7548c3a7e4c8de87db09a9d29bb3a4a60c"},
]
vcap = [
    {file = "vcap-0.2.7-py3-none-any.whl", hash = "sha256:63637aa20a7685e461245a289213c33125a60b85897912fb65962b6a6f0d4696"},
    {file = "vcap-0.2.7.tar.gz", hash = "sha256:119c94791a25a33dc2332365d2e5917149e10d2d2ed427f7cec90fd3c5a29f77"},
]
vcap-utils = [
    {file = "vcap-utils-0.2.7.tar.gz", hash = "sha256:7af65ffe229877d6dadfb1cc6fbdc8b55e275147ca60db184deb25044fad89c4"},
    {file = "vcap_utils-0.2.7-py3-none-any.whl", hash = "sha256:9858a01e42d8de3dd7b11a07aa0f45341b9adc4105c783b621e1099fabc0e5b0"},
]
werkzeug = [
    {file = "Werkzeug-1.0.1-py2.py3-none-any.whl", hash = "sha256:2de2a5db0baeae7b2d2664949077c2ac63fbd16d98da0ff71837f7d1dea3fd43"},
    {file = "Werkzeug-1.0.1.tar.gz", hash = "sha256:6c80b1e5ad3665290ea39320b91e1be1e0d5f60652b964a3070216de83d2e47c"},
]
wrapt = [
    {file = "wrapt-1.12.1.tar.gz", hash = "sha256:b62ffa81fb85f4332a4f609cab4ac40709470da05643a082ec1eb88e6d9b97d7"},
]
zipp = [
    {file = "zipp-3.4.0-py3-none-any.whl", hash = "sha256:102c24ef8f171fd729d46599845e95c7ab894a4cf45f5de11a44cc7444fb1108"},
    {file = "zipp-3.4.0.tar.gz", hash = "sha256:ed5eee1974372595f9e416cc7bbeeb12335201d8081ca8a0743c954d4446e5cb"},
]
